
Microsoft Visual Studio Solution File, Format Version 12.00
# Visual Studio 15
Project("{FAE04EC0-301F-11D3-BF4B-00C04F79EFBC}") = "Zappar.UAR", "Zappar.UAR.csproj", "{F6349A9A-855F-B134-187F-B1237A3C4CA1}"
EndProject
Project("{FAE04EC0-301F-11D3-BF4B-00C04F79EFBC}") = "Assembly-CSharp", "Assembly-CSharp.csproj", "{D3503A4E-95B1-CAFA-693D-B505D9329051}"
EndProject
Global
	GlobalSection(SolutionConfigurationPlatforms) = preSolution
		Debug|Any CPU = Debug|Any CPU
		Release|Any CPU = Release|Any CPU
	EndGlobalSection
	GlobalSection(ProjectConfigurationPlatforms) = postSolution
		{F6349A9A-855F-B134-187F-B1237A3C4CA1}.Debug|Any CPU.ActiveCfg = Debug|Any CPU
		{F6349A9A-855F-B134-187F-B1237A3C4CA1}.Debug|Any CPU.Build.0 = Debug|Any CPU
		{F6349A9A-855F-B134-187F-B1237A3C4CA1}.Release|Any CPU.ActiveCfg = Release|Any CPU
		{F6349A9A-855F-B134-187F-B1237A3C4CA1}.Release|Any CPU.Build.0 = Release|Any CPU
		{D3503A4E-95B1-CAFA-693D-B505D9329051}.Debug|Any CPU.ActiveCfg = Debug|Any CPU
		{D3503A4E-95B1-CAFA-693D-B505D9329051}.Debug|Any CPU.Build.0 = Debug|Any CPU
		{D3503A4E-95B1-CAFA-693D-B505D9329051}.Release|Any CPU.ActiveCfg = Release|Any CPU
		{D3503A4E-95B1-CAFA-693D-B505D9329051}.Release|Any CPU.Build.0 = Release|Any CPU
	EndGlobalSection
	GlobalSection(SolutionProperties) = preSolution
		HideSolutionNode = FALSE
	EndGlobalSection
EndGlobal
